// !$*UTF8*$!
{
	archiveVersion = 1;
	classes = {
	};
	objectVersion = 56;
	objects = {

/* Begin PBXBuildFile section */
		785E3D942932718300CD2238 /* htmlView.html in Resources */ = {isa = PBXBuildFile; fileRef = 785E3D932932718300CD2238 /* htmlView.html */; };
		785F4F1029320E8E00C0D9D1 /* AppDelegate.swift in Sources */ = {isa = PBXBuildFile; fileRef = 785F4F0F29320E8E00C0D9D1 /* AppDelegate.swift */; };
		785F4F1229320E8E00C0D9D1 /* SceneDelegate.swift in Sources */ = {isa = PBXBuildFile; fileRef = 785F4F1129320E8E00C0D9D1 /* SceneDelegate.swift */; };
		785F4F1429320E8E00C0D9D1 /* ViewController.swift in Sources */ = {isa = PBXBuildFile; fileRef = 785F4F1329320E8E00C0D9D1 /* ViewController.swift */; };
		785F4F1729320E8E00C0D9D1 /* Main.storyboard in Resources */ = {isa = PBXBuildFile; fileRef = 785F4F1529320E8E00C0D9D1 /* Main.storyboard */; };
		785F4F1929320E9000C0D9D1 /* Assets.xcassets in Resources */ = {isa = PBXBuildFile; fileRef = 785F4F1829320E9000C0D9D1 /* Assets.xcassets */; };
		785F4F1C29320E9000C0D9D1 /* LaunchScreen.storyboard in Resources */ = {isa = PBXBuildFile; fileRef = 785F4F1A29320E9000C0D9D1 /* LaunchScreen.storyboard */; };
		785F4F2729320E9100C0D9D1 /* WebTests.swift in Sources */ = {isa = PBXBuildFile; fileRef = 785F4F2629320E9100C0D9D1 /* WebTests.swift */; };
		785F4F3129320E9100C0D9D1 /* WebUITests.swift in Sources */ = {isa = PBXBuildFile; fileRef = 785F4F3029320E9100C0D9D1 /* WebUITests.swift */; };
		785F4F3329320E9100C0D9D1 /* WebUITestsLaunchTests.swift in Sources */ = {isa = PBXBuildFile; fileRef = 785F4F3229320E9100C0D9D1 /* WebUITestsLaunchTests.swift */; };
		785F4F412932168900C0D9D1 /* WebKit.framework in Frameworks */ = {isa = PBXBuildFile; fileRef = 785F4F402932168900C0D9D1 /* WebKit.framework */; };
/* End PBXBuildFile section */

/* Begin PBXContainerItemProxy section */
		785F4F2329320E9100C0D9D1 /* PBXContainerItemProxy */ = {
			isa = PBXContainerItemProxy;
			containerPortal = 785F4F0429320E8D00C0D9D1 /* Project object */;
			proxyType = 1;
			remoteGlobalIDString = 785F4F0B29320E8D00C0D9D1;
			remoteInfo = Web;
		};
		785F4F2D29320E9100C0D9D1 /* PBXContainerItemProxy */ = {
			isa = PBXContainerItemProxy;
			containerPortal = 785F4F0429320E8D00C0D9D1 /* Project object */;
			proxyType = 1;
			remoteGlobalIDString = 785F4F0B29320E8D00C0D9D1;
			remoteInfo = Web;
		};
/* End PBXContainerItemProxy section */

/* Begin PBXFileReference section */
		785E3D932932718300CD2238 /* htmlView.html */ = {isa = PBXFileReference; lastKnownFileType = text.html; path = htmlView.html; sourceTree = "<group>"; };
		785F4F0C29320E8E00C0D9D1 /* Web.app */ = {isa = PBXFileReference; explicitFileType = wrapper.application; includeInIndex = 0; path = Web.app; sourceTree = BUILT_PRODUCTS_DIR; };
		785F4F0F29320E8E00C0D9D1 /* AppDelegate.swift */ = {isa = PBXFileReference; lastKnownFileType = sourcecode.swift; path = AppDelegate.swift; sourceTree = "<group>"; };
		785F4F1129320E8E00C0D9D1 /* SceneDelegate.swift */ = {isa = PBXFileReference; lastKnownFileType = sourcecode.swift; path = SceneDelegate.swift; sourceTree = "<group>"; };
		785F4F1329320E8E00C0D9D1 /* ViewController.swift */ = {isa = PBXFileReference; lastKnownFileType = sourcecode.swift; path = ViewController.swift; sourceTree = "<group>"; };
		785F4F1629320E8E00C0D9D1 /* Base */ = {isa = PBXFileReference; lastKnownFileType = file.storyboard; name = Base; path = Base.lproj/Main.storyboard; sourceTree = "<group>"; };
		785F4F1829320E9000C0D9D1 /* Assets.xcassets */ = {isa = PBXFileReference; lastKnownFileType = folder.assetcatalog; path = Assets.xcassets; sourceTree = "<group>"; };
		785F4F1B29320E9000C0D9D1 /* Base */ = {isa = PBXFileReference; lastKnownFileType = file.storyboard; name = Base; path = Base.lproj/LaunchScreen.storyboard; sourceTree = "<group>"; };
		785F4F1D29320E9000C0D9D1 /* Info.plist */ = {isa = PBXFileReference; lastKnownFileType = text.plist.xml; path = Info.plist; sourceTree = "<group>"; };
		785F4F2229320E9100C0D9D1 /* WebTests.xctest */ = {isa = PBXFileReference; explicitFileType = wrapper.cfbundle; includeInIndex = 0; path = WebTests.xctest; sourceTree = BUILT_PRODUCTS_DIR; };
		785F4F2629320E9100C0D9D1 /* WebTests.swift */ = {isa = PBXFileReference; lastKnownFileType = sourcecode.swift; path = WebTests.swift; sourceTree = "<group>"; };
		785F4F2C29320E9100C0D9D1 /* WebUITests.xctest */ = {isa = PBXFileReference; explicitFileType = wrapper.cfbundle; includeInIndex = 0; path = WebUITests.xctest; sourceTree = BUILT_PRODUCTS_DIR; };
		785F4F3029320E9100C0D9D1 /* WebUITests.swift */ = {isa = PBXFileReference; lastKnownFileType = sourcecode.swift; path = WebUITests.swift; sourceTree = "<group>"; };
		785F4F3229320E9100C0D9D1 /* WebUITestsLaunchTests.swift */ = {isa = PBXFileReference; lastKnownFileType = sourcecode.swift; path = WebUITestsLaunchTests.swift; sourceTree = "<group>"; };
		785F4F402932168900C0D9D1 /* WebKit.framework */ = {isa = PBXFileReference; lastKnownFileType = wrapper.framework; name = WebKit.framework; path = System/Library/Frameworks/WebKit.framework; sourceTree = SDKROOT; };
/* End PBXFileReference section */

/* Begin PBXFrameworksBuildPhase section */
		785F4F0929320E8D00C0D9D1 /* Frameworks */ = {
			isa = PBXFrameworksBuildPhase;
			buildActionMask = 2147483647;
			files = (
				785F4F412932168900C0D9D1 /* WebKit.framework in Frameworks */,
			);
			runOnlyForDeploymentPostprocessing = 0;
		};
		785F4F1F29320E9100C0D9D1 /* Frameworks */ = {
			isa = PBXFrameworksBuildPhase;
			buildActionMask = 2147483647;
			files = (
			);
			runOnlyForDeploymentPostprocessing = 0;
		};
		785F4F2929320E9100C0D9D1 /* Frameworks */ = {
			isa = PBXFrameworksBuildPhase;
			buildActionMask = 2147483647;
			files = (
			);
			runOnlyForDeploymentPostprocessing = 0;
		};
/* End PBXFrameworksBuildPhase section */

/* Begin PBXGroup section */
		785F4F0329320E8D00C0D9D1 = {
			isa = PBXGroup;
			children = (
				785F4F0E29320E8E00C0D9D1 /* Web */,
				785F4F2529320E9100C0D9D1 /* WebTests */,
				785F4F2F29320E9100C0D9D1 /* WebUITests */,
				785F4F0D29320E8E00C0D9D1 /* Products */,
				785F4F3F2932168900C0D9D1 /* Frameworks */,
			);
			sourceTree = "<group>";
		};
		785F4F0D29320E8E00C0D9D1 /* Products */ = {
			isa = PBXGroup;
			children = (
				785F4F0C29320E8E00C0D9D1 /* Web.app */,
				785F4F2229320E9100C0D9D1 /* WebTests.xctest */,
				785F4F2C29320E9100C0D9D1 /* WebUITests.xctest */,
			);
			name = Products;
			sourceTree = "<group>";
		};
		785F4F0E29320E8E00C0D9D1 /* Web */ = {
			isa = PBXGroup;
			children = (
				785F4F0F29320E8E00C0D9D1 /* AppDelegate.swift */,
				785F4F1129320E8E00C0D9D1 /* SceneDelegate.swift */,
				785F4F1329320E8E00C0D9D1 /* ViewController.swift */,
				785F4F1529320E8E00C0D9D1 /* Main.storyboard */,
				785E3D932932718300CD2238 /* htmlView.html */,
				785F4F1829320E9000C0D9D1 /* Assets.xcassets */,
				785F4F1A29320E9000C0D9D1 /* LaunchScreen.storyboard */,
				785F4F1D29320E9000C0D9D1 /* Info.plist */,
			);
			path = Web;
			sourceTree = "<group>";
		};
		785F4F2529320E9100C0D9D1 /* WebTests */ = {
			isa = PBXGroup;
			children = (
				785F4F2629320E9100C0D9D1 /* WebTests.swift */,
			);
			path = WebTests;
			sourceTree = "<group>";
		};
		785F4F2F29320E9100C0D9D1 /* WebUITests */ = {
			isa = PBXGroup;
			children = (
				785F4F3029320E9100C0D9D1 /* WebUITests.swift */,
				785F4F3229320E9100C0D9D1 /* WebUITestsLaunchTests.swift */,
			);
			path = WebUITests;
			sourceTree = "<group>";
		};
		785F4F3F2932168900C0D9D1 /* Frameworks */ = {
			isa = PBXGroup;
			children = (
				785F4F402932168900C0D9D1 /* WebKit.framework */,
			);
			name = Frameworks;
			sourceTree = "<group>";
		};
/* End PBXGroup section */

/* Begin PBXNativeTarget section */
		785F4F0B29320E8D00C0D9D1 /* Web */ = {
			isa = PBXNativeTarget;
			buildConfigurationList = 785F4F3629320E9100C0D9D1 /* Build configuration list for PBXNativeTarget "Web" */;
			buildPhases = (
				785F4F0829320E8D00C0D9D1 /* Sources */,
				785F4F0929320E8D00C0D9D1 /* Frameworks */,
				785F4F0A29320E8D00C0D9D1 /* Resources */,
			);
			buildRules = (
			);
			dependencies = (
			);
			name = Web;
			productName = Web;
			productReference = 785F4F0C29320E8E00C0D9D1 /* Web.app */;
			productType = "com.apple.product-type.application";
		};
		785F4F2129320E9100C0D9D1 /* WebTests */ = {
			isa = PBXNativeTarget;
			buildConfigurationList = 785F4F3929320E9100C0D9D1 /* Build configuration list for PBXNativeTarget "WebTests" */;
			buildPhases = (
				785F4F1E29320E9100C0D9D1 /* Sources */,
				785F4F1F29320E9100C0D9D1 /* Frameworks */,
				785F4F2029320E9100C0D9D1 /* Resources */,
			);
			buildRules = (
			);
			dependencies = (
				785F4F2429320E9100C0D9D1 /* PBXTargetDependency */,
			);
			name = WebTests;
			productName = WebTests;
			productReference = 785F4F2229320E9100C0D9D1 /* WebTests.xctest */;
			productType = "com.apple.product-type.bundle.unit-test";
		};
		785F4F2B29320E9100C0D9D1 /* WebUITests */ = {
			isa = PBXNativeTarget;
			buildConfigurationList = 785F4F3C29320E9100C0D9D1 /* Build configuration list for PBXNativeTarget "WebUITests" */;
			buildPhases = (
				785F4F2829320E9100C0D9D1 /* Sources */,
				785F4F2929320E9100C0D9D1 /* Frameworks */,
				785F4F2A29320E9100C0D9D1 /* Resources */,
			);
			buildRules = (
			);
			dependencies = (
				785F4F2E29320E9100C0D9D1 /* PBXTargetDependency */,
			);
			name = WebUITests;
			productName = WebUITests;
			productReference = 785F4F2C29320E9100C0D9D1 /* WebUITests.xctest */;
			productType = "com.apple.product-type.bundle.ui-testing";
		};
/* End PBXNativeTarget section */

/* Begin PBXProject section */
		785F4F0429320E8D00C0D9D1 /* Project object */ = {
			isa = PBXProject;
			attributes = {
				BuildIndependentTargetsInParallel = 1;
				LastSwiftUpdateCheck = 1410;
				LastUpgradeCheck = 1410;
				TargetAttributes = {
					785F4F0B29320E8D00C0D9D1 = {
						CreatedOnToolsVersion = 14.1;
					};
					785F4F2129320E9100C0D9D1 = {
						CreatedOnToolsVersion = 14.1;
						TestTargetID = 785F4F0B29320E8D00C0D9D1;
					};
					785F4F2B29320E9100C0D9D1 = {
						CreatedOnToolsVersion = 14.1;
						TestTargetID = 785F4F0B29320E8D00C0D9D1;
					};
				};
			};
			buildConfigurationList = 785F4F0729320E8D00C0D9D1 /* Build configuration list for PBXProject "Web" */;
			compatibilityVersion = "Xcode 14.0";
			developmentRegion = en;
			hasScannedForEncodings = 0;
			knownRegions = (
				en,
				Base,
			);
			mainGroup = 785F4F0329320E8D00C0D9D1;
			productRefGroup = 785F4F0D29320E8E00C0D9D1 /* Products */;
			projectDirPath = "";
			projectRoot = "";
			targets = (
				785F4F0B29320E8D00C0D9D1 /* Web */,
				785F4F2129320E9100C0D9D1 /* WebTests */,
				785F4F2B29320E9100C0D9D1 /* WebUITests */,
			);
		};
/* End PBXProject section */

/* Begin PBXResourcesBuildPhase section */
		785F4F0A29320E8D00C0D9D1 /* Resources */ = {
			isa = PBXResourcesBuildPhase;
			buildActionMask = 2147483647;
			files = (
				785E3D942932718300CD2238 /* htmlView.html in Resources */,
				785F4F1C29320E9000C0D9D1 /* LaunchScreen.storyboard in Resources */,
				785F4F1929320E9000C0D9D1 /* Assets.xcassets in Resources */,
				785F4F1729320E8E00C0D9D1 /* Main.storyboard in Resources */,
			);
			runOnlyForDeploymentPostprocessing = 0;
		};
		785F4F2029320E9100C0D9D1 /* Resources */ = {
			isa = PBXResourcesBuildPhase;
			buildActionMask = 2147483647;
			files = (
			);
			runOnlyForDeploymentPostprocessing = 0;
		};
		785F4F2A29320E9100C0D9D1 /* Resources */ = {
			isa = PBXResourcesBuildPhase;
			buildActionMask = 2147483647;
			files = (
			);
			runOnlyForDeploymentPostprocessing = 0;
		};
/* End PBXResourcesBuildPhase section */

/* Begin PBXSourcesBuildPhase section */
		785F4F0829320E8D00C0D9D1 /* Sources */ = {
			isa = PBXSourcesBuildPhase;
			buildActionMask = 2147483647;
			files = (
				785F4F1429320E8E00C0D9D1 /* ViewController.swift in Sources */,
				785F4F1029320E8E00C0D9D1 /* AppDelegate.swift in Sources */,
				785F4F1229320E8E00C0D9D1 /* SceneDelegate.swift in Sources */,
			);
			runOnlyForDeploymentPostprocessing = 0;
		};
		785F4F1E29320E9100C0D9D1 /* Sources */ = {
			isa = PBXSourcesBuildPhase;
			buildActionMask = 2147483647;
			files = (
				785F4F2729320E9100C0D9D1 /* WebTests.swift in Sources */,
			);
			runOnlyForDeploymentPostprocessing = 0;
		};
		785F4F2829320E9100C0D9D1 /* Sources */ = {
			isa = PBXSourcesBuildPhase;
			buildActionMask = 2147483647;
			files = (
				785F4F3129320E9100C0D9D1 /* WebUITests.swift in Sources */,
				785F4F3329320E9100C0D9D1 /* WebUITestsLaunchTests.swift in Sources */,
			);
			runOnlyForDeploymentPostprocessing = 0;
		};
/* End PBXSourcesBuildPhase section */

/* Begin PBXTargetDependency section */
		785F4F2429320E9100C0D9D1 /* PBXTargetDependency */ = {
			isa = PBXTargetDependency;
			target = 785F4F0B29320E8D00C0D9D1 /* Web */;
			targetProxy = 785F4F2329320E9100C0D9D1 /* PBXContainerItemProxy */;
		};
		785F4F2E29320E9100C0D9D1 /* PBXTargetDependency */ = {
			isa = PBXTargetDependency;
			target = 785F4F0B29320E8D00C0D9D1 /* Web */;
			targetProxy = 785F4F2D29320E9100C0D9D1 /* PBXContainerItemProxy */;
		};
/* End PBXTargetDependency section */

/* Begin PBXVariantGroup section */
		785F4F1529320E8E00C0D9D1 /* Main.storyboard */ = {
			isa = PBXVariantGroup;
			children = (
				785F4F1629320E8E00C0D9D1 /* Base */,
			);
			name = Main.storyboard;
			sourceTree = "<group>";
		};
		785F4F1A29320E9000C0D9D1 /* LaunchScreen.storyboard */ = {
			isa = PBXVariantGroup;
			children = (
				785F4F1B29320E9000C0D9D1 /* Base */,
			);
			name = LaunchScreen.storyboard;
			sourceTree = "<group>";
		};
/* End PBXVariantGroup section */

/* Begin XCBuildConfiguration section */
		785F4F3429320E9100C0D9D1 /* Debug */ = {
			isa = XCBuildConfiguration;
			buildSettings = {
				ALWAYS_SEARCH_USER_PATHS = NO;
				CLANG_ANALYZER_NONNULL = YES;
				CLANG_ANALYZER_NUMBER_OBJECT_CONVERSION = YES_AGGRESSIVE;
				CLANG_CXX_LANGUAGE_STANDARD = "gnu++20";
				CLANG_ENABLE_MODULES = YES;
				CLANG_ENABLE_OBJC_ARC = YES;
				CLANG_ENABLE_OBJC_WEAK = YES;
				CLANG_WARN_BLOCK_CAPTURE_AUTORELEASING = YES;
				CLANG_WARN_BOOL_CONVERSION = YES;
				CLANG_WARN_COMMA = YES;
				CLANG_WARN_CONSTANT_CONVERSION = YES;
				CLANG_WARN_DEPRECATED_OBJC_IMPLEMENTATIONS = YES;
				CLANG_WARN_DIRECT_OBJC_ISA_USAGE = YES_ERROR;
				CLANG_WARN_DOCUMENTATION_COMMENTS = YES;
				CLANG_WARN_EMPTY_BODY = YES;
				CLANG_WARN_ENUM_CONVERSION = YES;
				CLANG_WARN_INFINITE_RECURSION = YES;
				CLANG_WARN_INT_CONVERSION = YES;
				CLANG_WARN_NON_LITERAL_NULL_CONVERSION = YES;
				CLANG_WARN_OBJC_IMPLICIT_RETAIN_SELF = YES;
				CLANG_WARN_OBJC_LITERAL_CONVERSION = YES;
				CLANG_WARN_OBJC_ROOT_CLASS = YES_ERROR;
				CLANG_WARN_QUOTED_INCLUDE_IN_FRAMEWORK_HEADER = YES;
				CLANG_WARN_RANGE_LOOP_ANALYSIS = YES;
				CLANG_WARN_STRICT_PROTOTYPES = YES;
				CLANG_WARN_SUSPICIOUS_MOVE = YES;
				CLANG_WARN_UNGUARDED_AVAILABILITY = YES_AGGRESSIVE;
				CLANG_WARN_UNREACHABLE_CODE = YES;
				CLANG_WARN__DUPLICATE_METHOD_MATCH = YES;
				COPY_PHASE_STRIP = NO;
				DEBUG_INFORMATION_FORMAT = dwarf;
				ENABLE_STRICT_OBJC_MSGSEND = YES;
				ENABLE_TESTABILITY = YES;
				GCC_C_LANGUAGE_STANDARD = gnu11;
				GCC_DYNAMIC_NO_PIC = NO;
				GCC_NO_COMMON_BLOCKS = YES;
				GCC_OPTIMIZATION_LEVEL = 0;
				GCC_PREPROCESSOR_DEFINITIONS = (
					"DEBUG=1",
					"$(inherited)",
				);
				GCC_WARN_64_TO_32_BIT_CONVERSION = YES;
				GCC_WARN_ABOUT_RETURN_TYPE = YES_ERROR;
				GCC_WARN_UNDECLARED_SELECTOR = YES;
				GCC_WARN_UNINITIALIZED_AUTOS = YES_AGGRESSIVE;
				GCC_WARN_UNUSED_FUNCTION = YES;
				GCC_WARN_UNUSED_VARIABLE = YES;
				IPHONEOS_DEPLOYMENT_TARGET = 16.1;
				MTL_ENABLE_DEBUG_INFO = INCLUDE_SOURCE;
				MTL_FAST_MATH = YES;
				ONLY_ACTIVE_ARCH = YES;
				SDKROOT = iphoneos;
				SWIFT_ACTIVE_COMPILATION_CONDITIONS = DEBUG;
				SWIFT_OPTIMIZATION_LEVEL = "-Onone";
			};
			name = Debug;
		};
		785F4F3529320E9100C0D9D1 /* Release */ = {
			isa = XCBuildConfiguration;
			buildSettings = {
				ALWAYS_SEARCH_USER_PATHS = NO;
				CLANG_ANALYZER_NONNULL = YES;
				CLANG_ANALYZER_NUMBER_OBJECT_CONVERSION = YES_AGGRESSIVE;
				CLANG_CXX_LANGUAGE_STANDARD = "gnu++20";
				CLANG_ENABLE_MODULES = YES;
				CLANG_ENABLE_OBJC_ARC = YES;
				CLANG_ENABLE_OBJC_WEAK = YES;
				CLANG_WARN_BLOCK_CAPTURE_AUTORELEASING = YES;
				CLANG_WARN_BOOL_CONVERSION = YES;
				CLANG_WARN_COMMA = YES;
				CLANG_WARN_CONSTANT_CONVERSION = YES;
				CLANG_WARN_DEPRECATED_OBJC_IMPLEMENTATIONS = YES;
				CLANG_WARN_DIRECT_OBJC_ISA_USAGE = YES_ERROR;
				CLANG_WARN_DOCUMENTATION_COMMENTS = YES;
				CLANG_WARN_EMPTY_BODY = YES;
				CLANG_WARN_ENUM_CONVERSION = YES;
				CLANG_WARN_INFINITE_RECURSION = YES;
				CLANG_WARN_INT_CONVERSION = YES;
				CLANG_WARN_NON_LITERAL_NULL_CONVERSION = YES;
				CLANG_WARN_OBJC_IMPLICIT_RETAIN_SELF = YES;
				CLANG_WARN_OBJC_LITERAL_CONVERSION = YES;
				CLANG_WARN_OBJC_ROOT_CLASS = YES_ERROR;
				CLANG_WARN_QUOTED_INCLUDE_IN_FRAMEWORK_HEADER = YES;
				CLANG_WARN_RANGE_LOOP_ANALYSIS = YES;
				CLANG_WARN_STRICT_PROTOTYPES = YES;
				CLANG_WARN_SUSPICIOUS_MOVE = YES;
				CLANG_WARN_UNGUARDED_AVAILABILITY = YES_AGGRESSIVE;
				CLANG_WARN_UNREACHABLE_CODE = YES;
				CLANG_WARN__DUPLICATE_METHOD_MATCH = YES;
				COPY_PHASE_STRIP = NO;
				DEBUG_INFORMATION_FORMAT = "dwarf-with-dsym";
				ENABLE_NS_ASSERTIONS = NO;
				ENABLE_STRICT_OBJC_MSGSEND = YES;
				GCC_C_LANGUAGE_STANDARD = gnu11;
				GCC_NO_COMMON_BLOCKS = YES;
				GCC_WARN_64_TO_32_BIT_CONVERSION = YES;
				GCC_WARN_ABOUT_RETURN_TYPE = YES_ERROR;
				GCC_WARN_UNDECLARED_SELECTOR = YES;
				GCC_WARN_UNINITIALIZED_AUTOS = YES_AGGRESSIVE;
				GCC_WARN_UNUSED_FUNCTION = YES;
				GCC_WARN_UNUSED_VARIABLE = YES;
				IPHONEOS_DEPLOYMENT_TARGET = 16.1;
				MTL_ENABLE_DEBUG_INFO = NO;
				MTL_FAST_MATH = YES;
				SDKROOT = iphoneos;
				SWIFT_COMPILATION_MODE = wholemodule;
				SWIFT_OPTIMIZATION_LEVEL = "-O";
				VALIDATE_PRODUCT = YES;
			};
			name = Release;
		};
		785F4F3729320E9100C0D9D1 /* Debug */ = {
			isa = XCBuildConfiguration;
			buildSettings = {
				ASSETCATALOG_COMPILER_APPICON_NAME = AppIcon;
				ASSETCATALOG_COMPILER_GLOBAL_ACCENT_COLOR_NAME = AccentColor;
				CODE_SIGN_STYLE = Automatic;
				CURRENT_PROJECT_VERSION = 1;
				GENERATE_INFOPLIST_FILE = YES;
				INFOPLIST_FILE = Web/Info.plist;
				INFOPLIST_KEY_UIApplicationSupportsIndirectInputEvents = YES;
				INFOPLIST_KEY_UILaunchStoryboardName = LaunchScreen;
				INFOPLIST_KEY_UIMainStoryboardFile = Main;
				INFOPLIST_KEY_UISupportedInterfaceOrientations = UIInterfaceOrientationPortrait;
				LD_RUNPATH_SEARCH_PATHS = (
					"$(inherited)",
					"@executable_path/Frameworks",
				);
				MARKETING_VERSION = 1.0;
				PRODUCT_BUNDLE_IDENTIFIER = yj.Web;
				PRODUCT_NAME = "$(TARGET_NAME)";
				SWIFT_EMIT_LOC_STRINGS = YES;
				SWIFT_VERSION = 5.0;
				TARGETED_DEVICE_FAMILY = "1,2";
			};
			name = Debug;
		};
		785F4F3829320E9100C0D9D1 /* Release */ = {
			isa = XCBuildConfiguration;
			buildSettings = {
				ASSETCATALOG_COMPILER_APPICON_NAME = AppIcon;
				ASSETCATALOG_COMPILER_GLOBAL_ACCENT_COLOR_NAME = AccentColor;
				CODE_SIGN_STYLE = Automatic;
				CURRENT_PROJECT_VERSION = 1;
				GENERATE_INFOPLIST_FILE = YES;
				INFOPLIST_FILE = Web/Info.plist;
				INFOPLIST_KEY_UIApplicationSupportsIndirectInputEvents = YES;
				INFOPLIST_KEY_UILaunchStoryboardName = LaunchScreen;
				INFOPLIST_KEY_UIMainStoryboardFile = Main;
				INFOPLIST_KEY_UISupportedInterfaceOrientations = UIInterfaceOrientationPortrait;
				LD_RUNPATH_SEARCH_PATHS = (
					"$(inherited)",
					"@executable_path/Frameworks",
				);
				MARKETING_VERSION = 1.0;
				PRODUCT_BUNDLE_IDENTIFIER = yj.Web;
				PRODUCT_NAME = "$(TARGET_NAME)";
				SWIFT_EMIT_LOC_STRINGS = YES;
				SWIFT_VERSION = 5.0;
				TARGETED_DEVICE_FAMILY = "1,2";
			};
			name = Release;
		};
		785F4F3A29320E9100C0D9D1 /* Debug */ = {
			isa = XCBuildConfiguration;
			buildSettings = {
				ALWAYS_EMBED_SWIFT_STANDARD_LIBRARIES = YES;
				BUNDLE_LOADER = "$(TEST_HOST)";
				CODE_SIGN_STYLE = Automatic;
				CURRENT_PROJECT_VERSION = 1;
				GENERATE_INFOPLIST_FILE = YES;
				IPHONEOS_DEPLOYMENT_TARGET = 16.1;
				MARKETING_VERSION = 1.0;
				PRODUCT_BUNDLE_IDENTIFIER = yj.WebTests;
				PRODUCT_NAME = "$(TARGET_NAME)";
				SWIFT_EMIT_LOC_STRINGS = NO;
				SWIFT_VERSION = 5.0;
				TARGETED_DEVICE_FAMILY = "1,2";
				TEST_HOST = "$(BUILT_PRODUCTS_DIR)/Web.app/$(BUNDLE_EXECUTABLE_FOLDER_PATH)/Web";
			};
			name = Debug;
		};
		785F4F3B29320E9100C0D9D1 /* Release */ = {
			isa = XCBuildConfiguration;
			buildSettings = {
				ALWAYS_EMBED_SWIFT_STANDARD_LIBRARIES = YES;
				BUNDLE_LOADER = "$(TEST_HOST)";
				CODE_SIGN_STYLE = Automatic;
				CURRENT_PROJECT_VERSION = 1;
				GENERATE_INFOPLIST_FILE = YES;
				IPHONEOS_DEPLOYMENT_TARGET = 16.1;
				MARKETING_VERSION = 1.0;
				PRODUCT_BUNDLE_IDENTIFIER = yj.WebTests;
				PRODUCT_NAME = "$(TARGET_NAME)";
				SWIFT_EMIT_LOC_STRINGS = NO;
				SWIFT_VERSION = 5.0;
				TARGETED_DEVICE_FAMILY = "1,2";
				TEST_HOST = "$(BUILT_PRODUCTS_DIR)/Web.app/$(BUNDLE_EXECUTABLE_FOLDER_PATH)/Web";
			};
			name = Release;
		};
		785F4F3D29320E9100C0D9D1 /* Debug */ = {
			isa = XCBuildConfiguration;
			buildSettings = {
				ALWAYS_EMBED_SWIFT_STANDARD_LIBRARIES = YES;
				CODE_SIGN_STYLE = Automatic;
				CURRENT_PROJECT_VERSION = 1;
				GENERATE_INFOPLIST_FILE = YES;
				MARKETING_VERSION = 1.0;
				PRODUCT_BUNDLE_IDENTIFIER = yj.WebUITests;
				PRODUCT_NAME = "$(TARGET_NAME)";
				SWIFT_EMIT_LOC_STRINGS = NO;
				SWIFT_VERSION = 5.0;
				TARGETED_DEVICE_FAMILY = "1,2";
				TEST_TARGET_NAME = Web;
			};
			name = Debug;
		};
		785F4F3E29320E9100C0D9D1 /* Release */ = {
			isa = XCBuildConfiguration;
			buildSettings = {
				ALWAYS_EMBED_SWIFT_STANDARD_LIBRARIES = YES;
				CODE_SIGN_STYLE = Automatic;
				CURRENT_PROJECT_VERSION = 1;
				GENERATE_INFOPLIST_FILE = YES;
				MARKETING_VERSION = 1.0;
				PRODUCT_BUNDLE_IDENTIFIER = yj.WebUITests;
				PRODUCT_NAME = "$(TARGET_NAME)";
				SWIFT_EMIT_LOC_STRINGS = NO;
				SWIFT_VERSION = 5.0;
				TARGETED_DEVICE_FAMILY = "1,2";
				TEST_TARGET_NAME = Web;
			};
			name = Release;
		};
/* End XCBuildConfiguration section */

/* Begin XCConfigurationList section */
		785F4F0729320E8D00C0D9D1 /* Build configuration list for PBXProject "Web" */ = {
			isa = XCConfigurationList;
			buildConfigurations = (
				785F4F3429320E9100C0D9D1 /* Debug */,
				785F4F3529320E9100C0D9D1 /* Release */,
			);
			defaultConfigurationIsVisible = 0;
			defaultConfigurationName = Release;
		};
		785F4F3629320E9100C0D9D1 /* Build configuration list for PBXNativeTarget "Web" */ = {
			isa = XCConfigurationList;
			buildConfigurations = (
				785F4F3729320E9100C0D9D1 /* Debug */,
				785F4F3829320E9100C0D9D1 /* Release */,
			);
			defaultConfigurationIsVisible = 0;
			defaultConfigurationName = Release;
		};
		785F4F3929320E9100C0D9D1 /* Build configuration list for PBXNativeTarget "WebTests" */ = {
			isa = XCConfigurationList;
			buildConfigurations = (
				785F4F3A29320E9100C0D9D1 /* Debug */,
				785F4F3B29320E9100C0D9D1 /* Release */,
			);
			defaultConfigurationIsVisible = 0;
			defaultConfigurationName = Release;
		};
		785F4F3C29320E9100C0D9D1 /* Build configuration list for PBXNativeTarget "WebUITests" */ = {
			isa = XCConfigurationList;
			buildConfigurations = (
				785F4F3D29320E9100C0D9D1 /* Debug */,
				785F4F3E29320E9100C0D9D1 /* Release */,
			);
			defaultConfigurationIsVisible = 0;
			defaultConfigurationName = Release;
		};
/* End XCConfigurationList section */
	};
	rootObject = 785F4F0429320E8D00C0D9D1 /* Project object */;
}
