// !$*UTF8*$!
{
	archiveVersion = 1;
	classes = {
	};
	objectVersion = 56;
	objects = {

/* Begin PBXBuildFile section */
		7891E6F029134E3B009E5BE8 /* AppDelegate.swift in Sources */ = {isa = PBXBuildFile; fileRef = 7891E6EF29134E3B009E5BE8 /* AppDelegate.swift */; };
		7891E6F229134E3B009E5BE8 /* SceneDelegate.swift in Sources */ = {isa = PBXBuildFile; fileRef = 7891E6F129134E3B009E5BE8 /* SceneDelegate.swift */; };
		7891E6F429134E3B009E5BE8 /* ViewController.swift in Sources */ = {isa = PBXBuildFile; fileRef = 7891E6F329134E3B009E5BE8 /* ViewController.swift */; };
		7891E6F729134E3B009E5BE8 /* Main.storyboard in Resources */ = {isa = PBXBuildFile; fileRef = 7891E6F529134E3B009E5BE8 /* Main.storyboard */; };
		7891E6F929134E3D009E5BE8 /* Assets.xcassets in Resources */ = {isa = PBXBuildFile; fileRef = 7891E6F829134E3D009E5BE8 /* Assets.xcassets */; };
		7891E6FC29134E3D009E5BE8 /* LaunchScreen.storyboard in Resources */ = {isa = PBXBuildFile; fileRef = 7891E6FA29134E3D009E5BE8 /* LaunchScreen.storyboard */; };
		7891E70729134E3D009E5BE8 /* imageViewTests.swift in Sources */ = {isa = PBXBuildFile; fileRef = 7891E70629134E3D009E5BE8 /* imageViewTests.swift */; };
		7891E71129134E3D009E5BE8 /* imageViewUITests.swift in Sources */ = {isa = PBXBuildFile; fileRef = 7891E71029134E3D009E5BE8 /* imageViewUITests.swift */; };
		7891E71329134E3D009E5BE8 /* imageViewUITestsLaunchTests.swift in Sources */ = {isa = PBXBuildFile; fileRef = 7891E71229134E3D009E5BE8 /* imageViewUITestsLaunchTests.swift */; };
		7891E720291350A8009E5BE8 /* lamp_on.png in Resources */ = {isa = PBXBuildFile; fileRef = 7891E71F291350A8009E5BE8 /* lamp_on.png */; };
		7891E722291350B5009E5BE8 /* lamp_off.png in Resources */ = {isa = PBXBuildFile; fileRef = 7891E721291350B5009E5BE8 /* lamp_off.png */; };
/* End PBXBuildFile section */

/* Begin PBXContainerItemProxy section */
		7891E70329134E3D009E5BE8 /* PBXContainerItemProxy */ = {
			isa = PBXContainerItemProxy;
			containerPortal = 7891E6E429134E3A009E5BE8 /* Project object */;
			proxyType = 1;
			remoteGlobalIDString = 7891E6EB29134E3A009E5BE8;
			remoteInfo = imageView;
		};
		7891E70D29134E3D009E5BE8 /* PBXContainerItemProxy */ = {
			isa = PBXContainerItemProxy;
			containerPortal = 7891E6E429134E3A009E5BE8 /* Project object */;
			proxyType = 1;
			remoteGlobalIDString = 7891E6EB29134E3A009E5BE8;
			remoteInfo = imageView;
		};
/* End PBXContainerItemProxy section */

/* Begin PBXFileReference section */
		7891E6EC29134E3B009E5BE8 /* imageView.app */ = {isa = PBXFileReference; explicitFileType = wrapper.application; includeInIndex = 0; path = imageView.app; sourceTree = BUILT_PRODUCTS_DIR; };
		7891E6EF29134E3B009E5BE8 /* AppDelegate.swift */ = {isa = PBXFileReference; lastKnownFileType = sourcecode.swift; path = AppDelegate.swift; sourceTree = "<group>"; };
		7891E6F129134E3B009E5BE8 /* SceneDelegate.swift */ = {isa = PBXFileReference; lastKnownFileType = sourcecode.swift; path = SceneDelegate.swift; sourceTree = "<group>"; };
		7891E6F329134E3B009E5BE8 /* ViewController.swift */ = {isa = PBXFileReference; lastKnownFileType = sourcecode.swift; path = ViewController.swift; sourceTree = "<group>"; };
		7891E6F629134E3B009E5BE8 /* Base */ = {isa = PBXFileReference; lastKnownFileType = file.storyboard; name = Base; path = Base.lproj/Main.storyboard; sourceTree = "<group>"; };
		7891E6F829134E3D009E5BE8 /* Assets.xcassets */ = {isa = PBXFileReference; lastKnownFileType = folder.assetcatalog; path = Assets.xcassets; sourceTree = "<group>"; };
		7891E6FB29134E3D009E5BE8 /* Base */ = {isa = PBXFileReference; lastKnownFileType = file.storyboard; name = Base; path = Base.lproj/LaunchScreen.storyboard; sourceTree = "<group>"; };
		7891E6FD29134E3D009E5BE8 /* Info.plist */ = {isa = PBXFileReference; lastKnownFileType = text.plist.xml; path = Info.plist; sourceTree = "<group>"; };
		7891E70229134E3D009E5BE8 /* imageViewTests.xctest */ = {isa = PBXFileReference; explicitFileType = wrapper.cfbundle; includeInIndex = 0; path = imageViewTests.xctest; sourceTree = BUILT_PRODUCTS_DIR; };
		7891E70629134E3D009E5BE8 /* imageViewTests.swift */ = {isa = PBXFileReference; lastKnownFileType = sourcecode.swift; path = imageViewTests.swift; sourceTree = "<group>"; };
		7891E70C29134E3D009E5BE8 /* imageViewUITests.xctest */ = {isa = PBXFileReference; explicitFileType = wrapper.cfbundle; includeInIndex = 0; path = imageViewUITests.xctest; sourceTree = BUILT_PRODUCTS_DIR; };
		7891E71029134E3D009E5BE8 /* imageViewUITests.swift */ = {isa = PBXFileReference; lastKnownFileType = sourcecode.swift; path = imageViewUITests.swift; sourceTree = "<group>"; };
		7891E71229134E3D009E5BE8 /* imageViewUITestsLaunchTests.swift */ = {isa = PBXFileReference; lastKnownFileType = sourcecode.swift; path = imageViewUITestsLaunchTests.swift; sourceTree = "<group>"; };
		7891E71F291350A8009E5BE8 /* lamp_on.png */ = {isa = PBXFileReference; lastKnownFileType = image.png; path = lamp_on.png; sourceTree = SOURCE_ROOT; };
		7891E721291350B5009E5BE8 /* lamp_off.png */ = {isa = PBXFileReference; lastKnownFileType = image.png; path = lamp_off.png; sourceTree = SOURCE_ROOT; };
/* End PBXFileReference section */

/* Begin PBXFrameworksBuildPhase section */
		7891E6E929134E3A009E5BE8 /* Frameworks */ = {
			isa = PBXFrameworksBuildPhase;
			buildActionMask = 2147483647;
			files = (
			);
			runOnlyForDeploymentPostprocessing = 0;
		};
		7891E6FF29134E3D009E5BE8 /* Frameworks */ = {
			isa = PBXFrameworksBuildPhase;
			buildActionMask = 2147483647;
			files = (
			);
			runOnlyForDeploymentPostprocessing = 0;
		};
		7891E70929134E3D009E5BE8 /* Frameworks */ = {
			isa = PBXFrameworksBuildPhase;
			buildActionMask = 2147483647;
			files = (
			);
			runOnlyForDeploymentPostprocessing = 0;
		};
/* End PBXFrameworksBuildPhase section */

/* Begin PBXGroup section */
		7891E6E329134E3A009E5BE8 = {
			isa = PBXGroup;
			children = (
				7891E6EE29134E3B009E5BE8 /* imageView */,
				7891E70529134E3D009E5BE8 /* imageViewTests */,
				7891E70F29134E3D009E5BE8 /* imageViewUITests */,
				7891E6ED29134E3B009E5BE8 /* Products */,
			);
			sourceTree = "<group>";
		};
		7891E6ED29134E3B009E5BE8 /* Products */ = {
			isa = PBXGroup;
			children = (
				7891E6EC29134E3B009E5BE8 /* imageView.app */,
				7891E70229134E3D009E5BE8 /* imageViewTests.xctest */,
				7891E70C29134E3D009E5BE8 /* imageViewUITests.xctest */,
			);
			name = Products;
			sourceTree = "<group>";
		};
		7891E6EE29134E3B009E5BE8 /* imageView */ = {
			isa = PBXGroup;
			children = (
				7891E721291350B5009E5BE8 /* lamp_off.png */,
				7891E71F291350A8009E5BE8 /* lamp_on.png */,
				7891E6EF29134E3B009E5BE8 /* AppDelegate.swift */,
				7891E6F129134E3B009E5BE8 /* SceneDelegate.swift */,
				7891E6F329134E3B009E5BE8 /* ViewController.swift */,
				7891E6F529134E3B009E5BE8 /* Main.storyboard */,
				7891E6F829134E3D009E5BE8 /* Assets.xcassets */,
				7891E6FA29134E3D009E5BE8 /* LaunchScreen.storyboard */,
				7891E6FD29134E3D009E5BE8 /* Info.plist */,
			);
			path = imageView;
			sourceTree = "<group>";
		};
		7891E70529134E3D009E5BE8 /* imageViewTests */ = {
			isa = PBXGroup;
			children = (
				7891E70629134E3D009E5BE8 /* imageViewTests.swift */,
			);
			path = imageViewTests;
			sourceTree = "<group>";
		};
		7891E70F29134E3D009E5BE8 /* imageViewUITests */ = {
			isa = PBXGroup;
			children = (
				7891E71029134E3D009E5BE8 /* imageViewUITests.swift */,
				7891E71229134E3D009E5BE8 /* imageViewUITestsLaunchTests.swift */,
			);
			path = imageViewUITests;
			sourceTree = "<group>";
		};
/* End PBXGroup section */

/* Begin PBXNativeTarget section */
		7891E6EB29134E3A009E5BE8 /* imageView */ = {
			isa = PBXNativeTarget;
			buildConfigurationList = 7891E71629134E3D009E5BE8 /* Build configuration list for PBXNativeTarget "imageView" */;
			buildPhases = (
				7891E6E829134E3A009E5BE8 /* Sources */,
				7891E6E929134E3A009E5BE8 /* Frameworks */,
				7891E6EA29134E3A009E5BE8 /* Resources */,
			);
			buildRules = (
			);
			dependencies = (
			);
			name = imageView;
			productName = imageView;
			productReference = 7891E6EC29134E3B009E5BE8 /* imageView.app */;
			productType = "com.apple.product-type.application";
		};
		7891E70129134E3D009E5BE8 /* imageViewTests */ = {
			isa = PBXNativeTarget;
			buildConfigurationList = 7891E71929134E3D009E5BE8 /* Build configuration list for PBXNativeTarget "imageViewTests" */;
			buildPhases = (
				7891E6FE29134E3D009E5BE8 /* Sources */,
				7891E6FF29134E3D009E5BE8 /* Frameworks */,
				7891E70029134E3D009E5BE8 /* Resources */,
			);
			buildRules = (
			);
			dependencies = (
				7891E70429134E3D009E5BE8 /* PBXTargetDependency */,
			);
			name = imageViewTests;
			productName = imageViewTests;
			productReference = 7891E70229134E3D009E5BE8 /* imageViewTests.xctest */;
			productType = "com.apple.product-type.bundle.unit-test";
		};
		7891E70B29134E3D009E5BE8 /* imageViewUITests */ = {
			isa = PBXNativeTarget;
			buildConfigurationList = 7891E71C29134E3D009E5BE8 /* Build configuration list for PBXNativeTarget "imageViewUITests" */;
			buildPhases = (
				7891E70829134E3D009E5BE8 /* Sources */,
				7891E70929134E3D009E5BE8 /* Frameworks */,
				7891E70A29134E3D009E5BE8 /* Resources */,
			);
			buildRules = (
			);
			dependencies = (
				7891E70E29134E3D009E5BE8 /* PBXTargetDependency */,
			);
			name = imageViewUITests;
			productName = imageViewUITests;
			productReference = 7891E70C29134E3D009E5BE8 /* imageViewUITests.xctest */;
			productType = "com.apple.product-type.bundle.ui-testing";
		};
/* End PBXNativeTarget section */

/* Begin PBXProject section */
		7891E6E429134E3A009E5BE8 /* Project object */ = {
			isa = PBXProject;
			attributes = {
				BuildIndependentTargetsInParallel = 1;
				LastSwiftUpdateCheck = 1400;
				LastUpgradeCheck = 1400;
				TargetAttributes = {
					7891E6EB29134E3A009E5BE8 = {
						CreatedOnToolsVersion = 14.0.1;
					};
					7891E70129134E3D009E5BE8 = {
						CreatedOnToolsVersion = 14.0.1;
						TestTargetID = 7891E6EB29134E3A009E5BE8;
					};
					7891E70B29134E3D009E5BE8 = {
						CreatedOnToolsVersion = 14.0.1;
						TestTargetID = 7891E6EB29134E3A009E5BE8;
					};
				};
			};
			buildConfigurationList = 7891E6E729134E3A009E5BE8 /* Build configuration list for PBXProject "imageView" */;
			compatibilityVersion = "Xcode 14.0";
			developmentRegion = en;
			hasScannedForEncodings = 0;
			knownRegions = (
				en,
				Base,
			);
			mainGroup = 7891E6E329134E3A009E5BE8;
			productRefGroup = 7891E6ED29134E3B009E5BE8 /* Products */;
			projectDirPath = "";
			projectRoot = "";
			targets = (
				7891E6EB29134E3A009E5BE8 /* imageView */,
				7891E70129134E3D009E5BE8 /* imageViewTests */,
				7891E70B29134E3D009E5BE8 /* imageViewUITests */,
			);
		};
/* End PBXProject section */

/* Begin PBXResourcesBuildPhase section */
		7891E6EA29134E3A009E5BE8 /* Resources */ = {
			isa = PBXResourcesBuildPhase;
			buildActionMask = 2147483647;
			files = (
				7891E720291350A8009E5BE8 /* lamp_on.png in Resources */,
				7891E6FC29134E3D009E5BE8 /* LaunchScreen.storyboard in Resources */,
				7891E722291350B5009E5BE8 /* lamp_off.png in Resources */,
				7891E6F929134E3D009E5BE8 /* Assets.xcassets in Resources */,
				7891E6F729134E3B009E5BE8 /* Main.storyboard in Resources */,
			);
			runOnlyForDeploymentPostprocessing = 0;
		};
		7891E70029134E3D009E5BE8 /* Resources */ = {
			isa = PBXResourcesBuildPhase;
			buildActionMask = 2147483647;
			files = (
			);
			runOnlyForDeploymentPostprocessing = 0;
		};
		7891E70A29134E3D009E5BE8 /* Resources */ = {
			isa = PBXResourcesBuildPhase;
			buildActionMask = 2147483647;
			files = (
			);
			runOnlyForDeploymentPostprocessing = 0;
		};
/* End PBXResourcesBuildPhase section */

/* Begin PBXSourcesBuildPhase section */
		7891E6E829134E3A009E5BE8 /* Sources */ = {
			isa = PBXSourcesBuildPhase;
			buildActionMask = 2147483647;
			files = (
				7891E6F429134E3B009E5BE8 /* ViewController.swift in Sources */,
				7891E6F029134E3B009E5BE8 /* AppDelegate.swift in Sources */,
				7891E6F229134E3B009E5BE8 /* SceneDelegate.swift in Sources */,
			);
			runOnlyForDeploymentPostprocessing = 0;
		};
		7891E6FE29134E3D009E5BE8 /* Sources */ = {
			isa = PBXSourcesBuildPhase;
			buildActionMask = 2147483647;
			files = (
				7891E70729134E3D009E5BE8 /* imageViewTests.swift in Sources */,
			);
			runOnlyForDeploymentPostprocessing = 0;
		};
		7891E70829134E3D009E5BE8 /* Sources */ = {
			isa = PBXSourcesBuildPhase;
			buildActionMask = 2147483647;
			files = (
				7891E71129134E3D009E5BE8 /* imageViewUITests.swift in Sources */,
				7891E71329134E3D009E5BE8 /* imageViewUITestsLaunchTests.swift in Sources */,
			);
			runOnlyForDeploymentPostprocessing = 0;
		};
/* End PBXSourcesBuildPhase section */

/* Begin PBXTargetDependency section */
		7891E70429134E3D009E5BE8 /* PBXTargetDependency */ = {
			isa = PBXTargetDependency;
			target = 7891E6EB29134E3A009E5BE8 /* imageView */;
			targetProxy = 7891E70329134E3D009E5BE8 /* PBXContainerItemProxy */;
		};
		7891E70E29134E3D009E5BE8 /* PBXTargetDependency */ = {
			isa = PBXTargetDependency;
			target = 7891E6EB29134E3A009E5BE8 /* imageView */;
			targetProxy = 7891E70D29134E3D009E5BE8 /* PBXContainerItemProxy */;
		};
/* End PBXTargetDependency section */

/* Begin PBXVariantGroup section */
		7891E6F529134E3B009E5BE8 /* Main.storyboard */ = {
			isa = PBXVariantGroup;
			children = (
				7891E6F629134E3B009E5BE8 /* Base */,
			);
			name = Main.storyboard;
			sourceTree = "<group>";
		};
		7891E6FA29134E3D009E5BE8 /* LaunchScreen.storyboard */ = {
			isa = PBXVariantGroup;
			children = (
				7891E6FB29134E3D009E5BE8 /* Base */,
			);
			name = LaunchScreen.storyboard;
			sourceTree = "<group>";
		};
/* End PBXVariantGroup section */

/* Begin XCBuildConfiguration section */
		7891E71429134E3D009E5BE8 /* Debug */ = {
			isa = XCBuildConfiguration;
			buildSettings = {
				ALWAYS_SEARCH_USER_PATHS = NO;
				CLANG_ANALYZER_NONNULL = YES;
				CLANG_ANALYZER_NUMBER_OBJECT_CONVERSION = YES_AGGRESSIVE;
				CLANG_CXX_LANGUAGE_STANDARD = "gnu++20";
				CLANG_ENABLE_MODULES = YES;
				CLANG_ENABLE_OBJC_ARC = YES;
				CLANG_ENABLE_OBJC_WEAK = YES;
				CLANG_WARN_BLOCK_CAPTURE_AUTORELEASING = YES;
				CLANG_WARN_BOOL_CONVERSION = YES;
				CLANG_WARN_COMMA = YES;
				CLANG_WARN_CONSTANT_CONVERSION = YES;
				CLANG_WARN_DEPRECATED_OBJC_IMPLEMENTATIONS = YES;
				CLANG_WARN_DIRECT_OBJC_ISA_USAGE = YES_ERROR;
				CLANG_WARN_DOCUMENTATION_COMMENTS = YES;
				CLANG_WARN_EMPTY_BODY = YES;
				CLANG_WARN_ENUM_CONVERSION = YES;
				CLANG_WARN_INFINITE_RECURSION = YES;
				CLANG_WARN_INT_CONVERSION = YES;
				CLANG_WARN_NON_LITERAL_NULL_CONVERSION = YES;
				CLANG_WARN_OBJC_IMPLICIT_RETAIN_SELF = YES;
				CLANG_WARN_OBJC_LITERAL_CONVERSION = YES;
				CLANG_WARN_OBJC_ROOT_CLASS = YES_ERROR;
				CLANG_WARN_QUOTED_INCLUDE_IN_FRAMEWORK_HEADER = YES;
				CLANG_WARN_RANGE_LOOP_ANALYSIS = YES;
				CLANG_WARN_STRICT_PROTOTYPES = YES;
				CLANG_WARN_SUSPICIOUS_MOVE = YES;
				CLANG_WARN_UNGUARDED_AVAILABILITY = YES_AGGRESSIVE;
				CLANG_WARN_UNREACHABLE_CODE = YES;
				CLANG_WARN__DUPLICATE_METHOD_MATCH = YES;
				COPY_PHASE_STRIP = NO;
				DEBUG_INFORMATION_FORMAT = dwarf;
				ENABLE_STRICT_OBJC_MSGSEND = YES;
				ENABLE_TESTABILITY = YES;
				GCC_C_LANGUAGE_STANDARD = gnu11;
				GCC_DYNAMIC_NO_PIC = NO;
				GCC_NO_COMMON_BLOCKS = YES;
				GCC_OPTIMIZATION_LEVEL = 0;
				GCC_PREPROCESSOR_DEFINITIONS = (
					"DEBUG=1",
					"$(inherited)",
				);
				GCC_WARN_64_TO_32_BIT_CONVERSION = YES;
				GCC_WARN_ABOUT_RETURN_TYPE = YES_ERROR;
				GCC_WARN_UNDECLARED_SELECTOR = YES;
				GCC_WARN_UNINITIALIZED_AUTOS = YES_AGGRESSIVE;
				GCC_WARN_UNUSED_FUNCTION = YES;
				GCC_WARN_UNUSED_VARIABLE = YES;
				IPHONEOS_DEPLOYMENT_TARGET = 16.0;
				MTL_ENABLE_DEBUG_INFO = INCLUDE_SOURCE;
				MTL_FAST_MATH = YES;
				ONLY_ACTIVE_ARCH = YES;
				SDKROOT = iphoneos;
				SWIFT_ACTIVE_COMPILATION_CONDITIONS = DEBUG;
				SWIFT_OPTIMIZATION_LEVEL = "-Onone";
			};
			name = Debug;
		};
		7891E71529134E3D009E5BE8 /* Release */ = {
			isa = XCBuildConfiguration;
			buildSettings = {
				ALWAYS_SEARCH_USER_PATHS = NO;
				CLANG_ANALYZER_NONNULL = YES;
				CLANG_ANALYZER_NUMBER_OBJECT_CONVERSION = YES_AGGRESSIVE;
				CLANG_CXX_LANGUAGE_STANDARD = "gnu++20";
				CLANG_ENABLE_MODULES = YES;
				CLANG_ENABLE_OBJC_ARC = YES;
				CLANG_ENABLE_OBJC_WEAK = YES;
				CLANG_WARN_BLOCK_CAPTURE_AUTORELEASING = YES;
				CLANG_WARN_BOOL_CONVERSION = YES;
				CLANG_WARN_COMMA = YES;
				CLANG_WARN_CONSTANT_CONVERSION = YES;
				CLANG_WARN_DEPRECATED_OBJC_IMPLEMENTATIONS = YES;
				CLANG_WARN_DIRECT_OBJC_ISA_USAGE = YES_ERROR;
				CLANG_WARN_DOCUMENTATION_COMMENTS = YES;
				CLANG_WARN_EMPTY_BODY = YES;
				CLANG_WARN_ENUM_CONVERSION = YES;
				CLANG_WARN_INFINITE_RECURSION = YES;
				CLANG_WARN_INT_CONVERSION = YES;
				CLANG_WARN_NON_LITERAL_NULL_CONVERSION = YES;
				CLANG_WARN_OBJC_IMPLICIT_RETAIN_SELF = YES;
				CLANG_WARN_OBJC_LITERAL_CONVERSION = YES;
				CLANG_WARN_OBJC_ROOT_CLASS = YES_ERROR;
				CLANG_WARN_QUOTED_INCLUDE_IN_FRAMEWORK_HEADER = YES;
				CLANG_WARN_RANGE_LOOP_ANALYSIS = YES;
				CLANG_WARN_STRICT_PROTOTYPES = YES;
				CLANG_WARN_SUSPICIOUS_MOVE = YES;
				CLANG_WARN_UNGUARDED_AVAILABILITY = YES_AGGRESSIVE;
				CLANG_WARN_UNREACHABLE_CODE = YES;
				CLANG_WARN__DUPLICATE_METHOD_MATCH = YES;
				COPY_PHASE_STRIP = NO;
				DEBUG_INFORMATION_FORMAT = "dwarf-with-dsym";
				ENABLE_NS_ASSERTIONS = NO;
				ENABLE_STRICT_OBJC_MSGSEND = YES;
				GCC_C_LANGUAGE_STANDARD = gnu11;
				GCC_NO_COMMON_BLOCKS = YES;
				GCC_WARN_64_TO_32_BIT_CONVERSION = YES;
				GCC_WARN_ABOUT_RETURN_TYPE = YES_ERROR;
				GCC_WARN_UNDECLARED_SELECTOR = YES;
				GCC_WARN_UNINITIALIZED_AUTOS = YES_AGGRESSIVE;
				GCC_WARN_UNUSED_FUNCTION = YES;
				GCC_WARN_UNUSED_VARIABLE = YES;
				IPHONEOS_DEPLOYMENT_TARGET = 16.0;
				MTL_ENABLE_DEBUG_INFO = NO;
				MTL_FAST_MATH = YES;
				SDKROOT = iphoneos;
				SWIFT_COMPILATION_MODE = wholemodule;
				SWIFT_OPTIMIZATION_LEVEL = "-O";
				VALIDATE_PRODUCT = YES;
			};
			name = Release;
		};
		7891E71729134E3D009E5BE8 /* Debug */ = {
			isa = XCBuildConfiguration;
			buildSettings = {
				ASSETCATALOG_COMPILER_APPICON_NAME = AppIcon;
				ASSETCATALOG_COMPILER_GLOBAL_ACCENT_COLOR_NAME = AccentColor;
				CODE_SIGN_STYLE = Automatic;
				CURRENT_PROJECT_VERSION = 1;
				GENERATE_INFOPLIST_FILE = YES;
				INFOPLIST_FILE = imageView/Info.plist;
				INFOPLIST_KEY_UIApplicationSupportsIndirectInputEvents = YES;
				INFOPLIST_KEY_UILaunchStoryboardName = LaunchScreen;
				INFOPLIST_KEY_UIMainStoryboardFile = Main;
				INFOPLIST_KEY_UIStatusBarStyle = "";
				INFOPLIST_KEY_UISupportedInterfaceOrientations = UIInterfaceOrientationPortrait;
				LD_RUNPATH_SEARCH_PATHS = (
					"$(inherited)",
					"@executable_path/Frameworks",
				);
				MARKETING_VERSION = 1.0;
				PRODUCT_BUNDLE_IDENTIFIER = yj.imageView;
				PRODUCT_NAME = "$(TARGET_NAME)";
				SWIFT_EMIT_LOC_STRINGS = YES;
				SWIFT_VERSION = 5.0;
				TARGETED_DEVICE_FAMILY = "1,2";
			};
			name = Debug;
		};
		7891E71829134E3D009E5BE8 /* Release */ = {
			isa = XCBuildConfiguration;
			buildSettings = {
				ASSETCATALOG_COMPILER_APPICON_NAME = AppIcon;
				ASSETCATALOG_COMPILER_GLOBAL_ACCENT_COLOR_NAME = AccentColor;
				CODE_SIGN_STYLE = Automatic;
				CURRENT_PROJECT_VERSION = 1;
				GENERATE_INFOPLIST_FILE = YES;
				INFOPLIST_FILE = imageView/Info.plist;
				INFOPLIST_KEY_UIApplicationSupportsIndirectInputEvents = YES;
				INFOPLIST_KEY_UILaunchStoryboardName = LaunchScreen;
				INFOPLIST_KEY_UIMainStoryboardFile = Main;
				INFOPLIST_KEY_UIStatusBarStyle = "";
				INFOPLIST_KEY_UISupportedInterfaceOrientations = UIInterfaceOrientationPortrait;
				LD_RUNPATH_SEARCH_PATHS = (
					"$(inherited)",
					"@executable_path/Frameworks",
				);
				MARKETING_VERSION = 1.0;
				PRODUCT_BUNDLE_IDENTIFIER = yj.imageView;
				PRODUCT_NAME = "$(TARGET_NAME)";
				SWIFT_EMIT_LOC_STRINGS = YES;
				SWIFT_VERSION = 5.0;
				TARGETED_DEVICE_FAMILY = "1,2";
			};
			name = Release;
		};
		7891E71A29134E3D009E5BE8 /* Debug */ = {
			isa = XCBuildConfiguration;
			buildSettings = {
				ALWAYS_EMBED_SWIFT_STANDARD_LIBRARIES = YES;
				BUNDLE_LOADER = "$(TEST_HOST)";
				CODE_SIGN_STYLE = Automatic;
				CURRENT_PROJECT_VERSION = 1;
				GENERATE_INFOPLIST_FILE = YES;
				IPHONEOS_DEPLOYMENT_TARGET = 16.0;
				MARKETING_VERSION = 1.0;
				PRODUCT_BUNDLE_IDENTIFIER = yj.imageViewTests;
				PRODUCT_NAME = "$(TARGET_NAME)";
				SWIFT_EMIT_LOC_STRINGS = NO;
				SWIFT_VERSION = 5.0;
				TARGETED_DEVICE_FAMILY = "1,2";
				TEST_HOST = "$(BUILT_PRODUCTS_DIR)/imageView.app/$(BUNDLE_EXECUTABLE_FOLDER_PATH)/imageView";
			};
			name = Debug;
		};
		7891E71B29134E3D009E5BE8 /* Release */ = {
			isa = XCBuildConfiguration;
			buildSettings = {
				ALWAYS_EMBED_SWIFT_STANDARD_LIBRARIES = YES;
				BUNDLE_LOADER = "$(TEST_HOST)";
				CODE_SIGN_STYLE = Automatic;
				CURRENT_PROJECT_VERSION = 1;
				GENERATE_INFOPLIST_FILE = YES;
				IPHONEOS_DEPLOYMENT_TARGET = 16.0;
				MARKETING_VERSION = 1.0;
				PRODUCT_BUNDLE_IDENTIFIER = yj.imageViewTests;
				PRODUCT_NAME = "$(TARGET_NAME)";
				SWIFT_EMIT_LOC_STRINGS = NO;
				SWIFT_VERSION = 5.0;
				TARGETED_DEVICE_FAMILY = "1,2";
				TEST_HOST = "$(BUILT_PRODUCTS_DIR)/imageView.app/$(BUNDLE_EXECUTABLE_FOLDER_PATH)/imageView";
			};
			name = Release;
		};
		7891E71D29134E3D009E5BE8 /* Debug */ = {
			isa = XCBuildConfiguration;
			buildSettings = {
				ALWAYS_EMBED_SWIFT_STANDARD_LIBRARIES = YES;
				CODE_SIGN_STYLE = Automatic;
				CURRENT_PROJECT_VERSION = 1;
				GENERATE_INFOPLIST_FILE = YES;
				MARKETING_VERSION = 1.0;
				PRODUCT_BUNDLE_IDENTIFIER = yj.imageViewUITests;
				PRODUCT_NAME = "$(TARGET_NAME)";
				SWIFT_EMIT_LOC_STRINGS = NO;
				SWIFT_VERSION = 5.0;
				TARGETED_DEVICE_FAMILY = "1,2";
				TEST_TARGET_NAME = imageView;
			};
			name = Debug;
		};
		7891E71E29134E3D009E5BE8 /* Release */ = {
			isa = XCBuildConfiguration;
			buildSettings = {
				ALWAYS_EMBED_SWIFT_STANDARD_LIBRARIES = YES;
				CODE_SIGN_STYLE = Automatic;
				CURRENT_PROJECT_VERSION = 1;
				GENERATE_INFOPLIST_FILE = YES;
				MARKETING_VERSION = 1.0;
				PRODUCT_BUNDLE_IDENTIFIER = yj.imageViewUITests;
				PRODUCT_NAME = "$(TARGET_NAME)";
				SWIFT_EMIT_LOC_STRINGS = NO;
				SWIFT_VERSION = 5.0;
				TARGETED_DEVICE_FAMILY = "1,2";
				TEST_TARGET_NAME = imageView;
			};
			name = Release;
		};
/* End XCBuildConfiguration section */

/* Begin XCConfigurationList section */
		7891E6E729134E3A009E5BE8 /* Build configuration list for PBXProject "imageView" */ = {
			isa = XCConfigurationList;
			buildConfigurations = (
				7891E71429134E3D009E5BE8 /* Debug */,
				7891E71529134E3D009E5BE8 /* Release */,
			);
			defaultConfigurationIsVisible = 0;
			defaultConfigurationName = Release;
		};
		7891E71629134E3D009E5BE8 /* Build configuration list for PBXNativeTarget "imageView" */ = {
			isa = XCConfigurationList;
			buildConfigurations = (
				7891E71729134E3D009E5BE8 /* Debug */,
				7891E71829134E3D009E5BE8 /* Release */,
			);
			defaultConfigurationIsVisible = 0;
			defaultConfigurationName = Release;
		};
		7891E71929134E3D009E5BE8 /* Build configuration list for PBXNativeTarget "imageViewTests" */ = {
			isa = XCConfigurationList;
			buildConfigurations = (
				7891E71A29134E3D009E5BE8 /* Debug */,
				7891E71B29134E3D009E5BE8 /* Release */,
			);
			defaultConfigurationIsVisible = 0;
			defaultConfigurationName = Release;
		};
		7891E71C29134E3D009E5BE8 /* Build configuration list for PBXNativeTarget "imageViewUITests" */ = {
			isa = XCConfigurationList;
			buildConfigurations = (
				7891E71D29134E3D009E5BE8 /* Debug */,
				7891E71E29134E3D009E5BE8 /* Release */,
			);
			defaultConfigurationIsVisible = 0;
			defaultConfigurationName = Release;
		};
/* End XCConfigurationList section */
	};
	rootObject = 7891E6E429134E3A009E5BE8 /* Project object */;
}
